
Microsoft Visual Studio Solution File, Format Version 12.00
# Visual Studio 15
VisualStudioVersion = 15.0.28307.1267
MinimumVisualStudioVersion = 10.0.40219.1
Project("{FAE04EC0-301F-11D3-BF4B-00C04F79EFBC}") = "RentalKendaraan_019", "RentalKendaraan_019\RentalKendaraan_019.csproj", "{217F07E3-1A9B-4468-8BDD-F637571CFB1E}"
EndProject
Global
	GlobalSection(SolutionConfigurationPlatforms) = preSolution
		Debug|Any CPU = Debug|Any CPU
		Release|Any CPU = Release|Any CPU
	EndGlobalSection
	GlobalSection(ProjectConfigurationPlatforms) = postSolution
		{217F07E3-1A9B-4468-8BDD-F637571CFB1E}.Debug|Any CPU.ActiveCfg = Debug|Any CPU
		{217F07E3-1A9B-4468-8BDD-F637571CFB1E}.Debug|Any CPU.Build.0 = Debug|Any CPU
		{217F07E3-1A9B-4468-8BDD-F637571CFB1E}.Release|Any CPU.ActiveCfg = Release|Any CPU
		{217F07E3-1A9B-4468-8BDD-F637571CFB1E}.Release|Any CPU.Build.0 = Release|Any CPU
	EndGlobalSection
	GlobalSection(SolutionProperties) = preSolution
		HideSolutionNode = FALSE
	EndGlobalSection
	GlobalSection(ExtensibilityGlobals) = postSolution
		SolutionGuid = {13D08140-E759-4A44-AFE5-8910E33CB41F}
	EndGlobalSection
EndGlobal
